
Microsoft Visual Studio Solution File, Format Version 12.00
# Visual Studio 15
VisualStudioVersion = 15.0.28307.852
MinimumVisualStudioVersion = 10.0.40219.1
Project("{FAE04EC0-301F-11D3-BF4B-00C04F79EFBC}") = "DecentHttpClient", "DecentHttpClient\DecentHttpClient.csproj", "{65C55764-A8BF-4B76-B291-913D799124F3}"
EndProject
Global
	GlobalSection(SolutionConfigurationPlatforms) = preSolution
		Debug|Any CPU = Debug|Any CPU
		Release|Any CPU = Release|Any CPU
	EndGlobalSection
	GlobalSection(ProjectConfigurationPlatforms) = postSolution
		{65C55764-A8BF-4B76-B291-913D799124F3}.Debug|Any CPU.ActiveCfg = Debug|Any CPU
		{65C55764-A8BF-4B76-B291-913D799124F3}.Debug|Any CPU.Build.0 = Debug|Any CPU
		{65C55764-A8BF-4B76-B291-913D799124F3}.Release|Any CPU.ActiveCfg = Release|Any CPU
		{65C55764-A8BF-4B76-B291-913D799124F3}.Release|Any CPU.Build.0 = Release|Any CPU
	EndGlobalSection
	GlobalSection(SolutionProperties) = preSolution
		HideSolutionNode = FALSE
	EndGlobalSection
	GlobalSection(ExtensibilityGlobals) = postSolution
		SolutionGuid = {06CCA42F-3903-4371-993A-B900D9B2DDEB}
	EndGlobalSection
EndGlobal
